
Microsoft Visual Studio Solution File, Format Version 12.00
# Visual Studio Version 17
VisualStudioVersion = 17.11.35312.102
MinimumVisualStudioVersion = 10.0.40219.1
Project("{FAE04EC0-301F-11D3-BF4B-00C04F79EFBC}") = "SLMPGenerator", "SLMPGenerator\SLMPGenerator.csproj", "{97F64672-8E22-41B6-A50E-B62ED1B0BEEA}"
EndProject
Project("{FAE04EC0-301F-11D3-BF4B-00C04F79EFBC}") = "Sample", "Sample\Sample.csproj", "{7B7E691A-C940-4187-96E0-477E3BD87ACD}"
EndProject
Global
	GlobalSection(SolutionConfigurationPlatforms) = preSolution
		Debug|Any CPU = Debug|Any CPU
		Release|Any CPU = Release|Any CPU
	EndGlobalSection
	GlobalSection(ProjectConfigurationPlatforms) = postSolution
		{97F64672-8E22-41B6-A50E-B62ED1B0BEEA}.Debug|Any CPU.ActiveCfg = Debug|Any CPU
		{97F64672-8E22-41B6-A50E-B62ED1B0BEEA}.Debug|Any CPU.Build.0 = Debug|Any CPU
		{97F64672-8E22-41B6-A50E-B62ED1B0BEEA}.Release|Any CPU.ActiveCfg = Release|Any CPU
		{97F64672-8E22-41B6-A50E-B62ED1B0BEEA}.Release|Any CPU.Build.0 = Release|Any CPU
		{7B7E691A-C940-4187-96E0-477E3BD87ACD}.Debug|Any CPU.ActiveCfg = Debug|Any CPU
		{7B7E691A-C940-4187-96E0-477E3BD87ACD}.Debug|Any CPU.Build.0 = Debug|Any CPU
		{7B7E691A-C940-4187-96E0-477E3BD87ACD}.Release|Any CPU.ActiveCfg = Release|Any CPU
		{7B7E691A-C940-4187-96E0-477E3BD87ACD}.Release|Any CPU.Build.0 = Release|Any CPU
	EndGlobalSection
	GlobalSection(SolutionProperties) = preSolution
		HideSolutionNode = FALSE
	EndGlobalSection
	GlobalSection(ExtensibilityGlobals) = postSolution
		SolutionGuid = {7B94A3E0-6444-44A0-84E8-0167C4947C16}
	EndGlobalSection
EndGlobal
